
Microsoft Visual Studio Solution File, Format Version 12.00
# Visual Studio Version 16
VisualStudioVersion = 16.0.29503.13
MinimumVisualStudioVersion = 10.0.40219.1
Project("{FAE04EC0-301F-11D3-BF4B-00C04F79EFBC}") = "ConsoleApp1CSharp", "ConsoleApp1CSharp\ConsoleApp1CSharp.csproj", "{256F1952-F473-48F6-B893-0CB7D80D08C8}"
EndProject
Global
	GlobalSection(SolutionConfigurationPlatforms) = preSolution
		Debug|Any CPU = Debug|Any CPU
		Release|Any CPU = Release|Any CPU
	EndGlobalSection
	GlobalSection(ProjectConfigurationPlatforms) = postSolution
		{256F1952-F473-48F6-B893-0CB7D80D08C8}.Debug|Any CPU.ActiveCfg = Debug|Any CPU
		{256F1952-F473-48F6-B893-0CB7D80D08C8}.Debug|Any CPU.Build.0 = Debug|Any CPU
		{256F1952-F473-48F6-B893-0CB7D80D08C8}.Release|Any CPU.ActiveCfg = Release|Any CPU
		{256F1952-F473-48F6-B893-0CB7D80D08C8}.Release|Any CPU.Build.0 = Release|Any CPU
	EndGlobalSection
	GlobalSection(SolutionProperties) = preSolution
		HideSolutionNode = FALSE
	EndGlobalSection
	GlobalSection(ExtensibilityGlobals) = postSolution
		SolutionGuid = {E1F88FD4-787C-42E8-83E6-9D708A310863}
	EndGlobalSection
EndGlobal
